
Microsoft Visual Studio Solution File, Format Version 12.00
# Visual Studio 2017
Project("{FAE04EC0-301F-11D3-BF4B-00C04F79EFBC}") = "WorkshopVR", "WorkshopVR.csproj", "{46516C02-8DD6-282E-6347-4D08F6632B62}"
EndProject
Project("{FAE04EC0-301F-11D3-BF4B-00C04F79EFBC}") = "WorkshopVR", "WorkshopVR.csproj", "{46516C02-8DD6-282E-6347-4D08F6632B62}"
EndProject
Project("{FAE04EC0-301F-11D3-BF4B-00C04F79EFBC}") = "WorkshopVR", "WorkshopVR.csproj", "{46516C02-8DD6-282E-6347-4D08F6632B62}"
EndProject
Project("{FAE04EC0-301F-11D3-BF4B-00C04F79EFBC}") = "WorkshopVR", "WorkshopVR.csproj", "{46516C02-8DD6-282E-6347-4D08F6632B62}"
EndProject
Project("{FAE04EC0-301F-11D3-BF4B-00C04F79EFBC}") = "WorkshopVR", "WorkshopVR.csproj", "{46516C02-8DD6-282E-6347-4D08F6632B62}"
EndProject
Project("{FAE04EC0-301F-11D3-BF4B-00C04F79EFBC}") = "WorkshopVR", "WorkshopVR.csproj", "{46516C02-8DD6-282E-6347-4D08F6632B62}"
EndProject
Project("{FAE04EC0-301F-11D3-BF4B-00C04F79EFBC}") = "WorkshopVR.Editor", "WorkshopVR.Editor.csproj", "{385223DA-0DE4-73C5-8478-086F807DD98E}"
EndProject
Project("{FAE04EC0-301F-11D3-BF4B-00C04F79EFBC}") = "WorkshopVR.Editor", "WorkshopVR.Editor.csproj", "{385223DA-0DE4-73C5-8478-086F807DD98E}"
EndProject
Project("{FAE04EC0-301F-11D3-BF4B-00C04F79EFBC}") = "WorkshopVR.Editor", "WorkshopVR.Editor.csproj", "{385223DA-0DE4-73C5-8478-086F807DD98E}"
EndProject
Project("{FAE04EC0-301F-11D3-BF4B-00C04F79EFBC}") = "WorkshopVR.Editor", "WorkshopVR.Editor.csproj", "{385223DA-0DE4-73C5-8478-086F807DD98E}"
EndProject
Project("{FAE04EC0-301F-11D3-BF4B-00C04F79EFBC}") = "WorkshopVR.Editor", "WorkshopVR.Editor.csproj", "{385223DA-0DE4-73C5-8478-086F807DD98E}"
EndProject
Project("{FAE04EC0-301F-11D3-BF4B-00C04F79EFBC}") = "WorkshopVR.Editor", "WorkshopVR.Editor.csproj", "{385223DA-0DE4-73C5-8478-086F807DD98E}"
EndProject
Project("{FAE04EC0-301F-11D3-BF4B-00C04F79EFBC}") = "WorkshopVR.Editor", "WorkshopVR.Editor.csproj", "{385223DA-0DE4-73C5-8478-086F807DD98E}"
EndProject
Global
	GlobalSection(SolutionConfigurationPlatforms) = preSolution
		Debug|Any CPU = Debug|Any CPU
		Release|Any CPU = Release|Any CPU
	EndGlobalSection
	GlobalSection(ProjectConfigurationPlatforms) = postSolution
		{46516C02-8DD6-282E-6347-4D08F6632B62}.Debug|Any CPU.ActiveCfg = Debug|Any CPU
		{46516C02-8DD6-282E-6347-4D08F6632B62}.Debug|Any CPU.Build.0 = Debug|Any CPU
		{46516C02-8DD6-282E-6347-4D08F6632B62}.Release|Any CPU.ActiveCfg = Release|Any CPU
		{46516C02-8DD6-282E-6347-4D08F6632B62}.Release|Any CPU.Build.0 = Release|Any CPU
		{46516C02-8DD6-282E-6347-4D08F6632B62}.Debug|Any CPU.ActiveCfg = Debug|Any CPU
		{46516C02-8DD6-282E-6347-4D08F6632B62}.Debug|Any CPU.Build.0 = Debug|Any CPU
		{46516C02-8DD6-282E-6347-4D08F6632B62}.Release|Any CPU.ActiveCfg = Release|Any CPU
		{46516C02-8DD6-282E-6347-4D08F6632B62}.Release|Any CPU.Build.0 = Release|Any CPU
		{46516C02-8DD6-282E-6347-4D08F6632B62}.Debug|Any CPU.ActiveCfg = Debug|Any CPU
		{46516C02-8DD6-282E-6347-4D08F6632B62}.Debug|Any CPU.Build.0 = Debug|Any CPU
		{46516C02-8DD6-282E-6347-4D08F6632B62}.Release|Any CPU.ActiveCfg = Release|Any CPU
		{46516C02-8DD6-282E-6347-4D08F6632B62}.Release|Any CPU.Build.0 = Release|Any CPU
		{46516C02-8DD6-282E-6347-4D08F6632B62}.Debug|Any CPU.ActiveCfg = Debug|Any CPU
		{46516C02-8DD6-282E-6347-4D08F6632B62}.Debug|Any CPU.Build.0 = Debug|Any CPU
		{46516C02-8DD6-282E-6347-4D08F6632B62}.Release|Any CPU.ActiveCfg = Release|Any CPU
		{46516C02-8DD6-282E-6347-4D08F6632B62}.Release|Any CPU.Build.0 = Release|Any CPU
		{46516C02-8DD6-282E-6347-4D08F6632B62}.Debug|Any CPU.ActiveCfg = Debug|Any CPU
		{46516C02-8DD6-282E-6347-4D08F6632B62}.Debug|Any CPU.Build.0 = Debug|Any CPU
		{46516C02-8DD6-282E-6347-4D08F6632B62}.Release|Any CPU.ActiveCfg = Release|Any CPU
		{46516C02-8DD6-282E-6347-4D08F6632B62}.Release|Any CPU.Build.0 = Release|Any CPU
		{46516C02-8DD6-282E-6347-4D08F6632B62}.Debug|Any CPU.ActiveCfg = Debug|Any CPU
		{46516C02-8DD6-282E-6347-4D08F6632B62}.Debug|Any CPU.Build.0 = Debug|Any CPU
		{46516C02-8DD6-282E-6347-4D08F6632B62}.Release|Any CPU.ActiveCfg = Release|Any CPU
		{46516C02-8DD6-282E-6347-4D08F6632B62}.Release|Any CPU.Build.0 = Release|Any CPU
		{385223DA-0DE4-73C5-8478-086F807DD98E}.Debug|Any CPU.ActiveCfg = Debug|Any CPU
		{385223DA-0DE4-73C5-8478-086F807DD98E}.Debug|Any CPU.Build.0 = Debug|Any CPU
		{385223DA-0DE4-73C5-8478-086F807DD98E}.Release|Any CPU.ActiveCfg = Release|Any CPU
		{385223DA-0DE4-73C5-8478-086F807DD98E}.Release|Any CPU.Build.0 = Release|Any CPU
		{385223DA-0DE4-73C5-8478-086F807DD98E}.Debug|Any CPU.ActiveCfg = Debug|Any CPU
		{385223DA-0DE4-73C5-8478-086F807DD98E}.Debug|Any CPU.Build.0 = Debug|Any CPU
		{385223DA-0DE4-73C5-8478-086F807DD98E}.Release|Any CPU.ActiveCfg = Release|Any CPU
		{385223DA-0DE4-73C5-8478-086F807DD98E}.Release|Any CPU.Build.0 = Release|Any CPU
		{385223DA-0DE4-73C5-8478-086F807DD98E}.Debug|Any CPU.ActiveCfg = Debug|Any CPU
		{385223DA-0DE4-73C5-8478-086F807DD98E}.Debug|Any CPU.Build.0 = Debug|Any CPU
		{385223DA-0DE4-73C5-8478-086F807DD98E}.Release|Any CPU.ActiveCfg = Release|Any CPU
		{385223DA-0DE4-73C5-8478-086F807DD98E}.Release|Any CPU.Build.0 = Release|Any CPU
		{385223DA-0DE4-73C5-8478-086F807DD98E}.Debug|Any CPU.ActiveCfg = Debug|Any CPU
		{385223DA-0DE4-73C5-8478-086F807DD98E}.Debug|Any CPU.Build.0 = Debug|Any CPU
		{385223DA-0DE4-73C5-8478-086F807DD98E}.Release|Any CPU.ActiveCfg = Release|Any CPU
		{385223DA-0DE4-73C5-8478-086F807DD98E}.Release|Any CPU.Build.0 = Release|Any CPU
		{385223DA-0DE4-73C5-8478-086F807DD98E}.Debug|Any CPU.ActiveCfg = Debug|Any CPU
		{385223DA-0DE4-73C5-8478-086F807DD98E}.Debug|Any CPU.Build.0 = Debug|Any CPU
		{385223DA-0DE4-73C5-8478-086F807DD98E}.Release|Any CPU.ActiveCfg = Release|Any CPU
		{385223DA-0DE4-73C5-8478-086F807DD98E}.Release|Any CPU.Build.0 = Release|Any CPU
		{385223DA-0DE4-73C5-8478-086F807DD98E}.Debug|Any CPU.ActiveCfg = Debug|Any CPU
		{385223DA-0DE4-73C5-8478-086F807DD98E}.Debug|Any CPU.Build.0 = Debug|Any CPU
		{385223DA-0DE4-73C5-8478-086F807DD98E}.Release|Any CPU.ActiveCfg = Release|Any CPU
		{385223DA-0DE4-73C5-8478-086F807DD98E}.Release|Any CPU.Build.0 = Release|Any CPU
		{385223DA-0DE4-73C5-8478-086F807DD98E}.Debug|Any CPU.ActiveCfg = Debug|Any CPU
		{385223DA-0DE4-73C5-8478-086F807DD98E}.Debug|Any CPU.Build.0 = Debug|Any CPU
		{385223DA-0DE4-73C5-8478-086F807DD98E}.Release|Any CPU.ActiveCfg = Release|Any CPU
		{385223DA-0DE4-73C5-8478-086F807DD98E}.Release|Any CPU.Build.0 = Release|Any CPU
	EndGlobalSection
	GlobalSection(SolutionProperties) = preSolution
		HideSolutionNode = FALSE
	EndGlobalSection
EndGlobal
